
Microsoft Visual Studio Solution File, Format Version 12.00
# Visual Studio Version 17
VisualStudioVersion = 17.8.34322.80
MinimumVisualStudioVersion = 10.0.40219.1
Project("{FAE04EC0-301F-11D3-BF4B-00C04F79EFBC}") = "ConsoleApp3", "ConsoleApp3.csproj", "{793CAB72-D472-40DD-B007-7FD673E90E89}"
EndProject
Global
	GlobalSection(SolutionConfigurationPlatforms) = preSolution
		Debug|Any CPU = Debug|Any CPU
		Release|Any CPU = Release|Any CPU
	EndGlobalSection
	GlobalSection(ProjectConfigurationPlatforms) = postSolution
		{793CAB72-D472-40DD-B007-7FD673E90E89}.Debug|Any CPU.ActiveCfg = Debug|Any CPU
		{793CAB72-D472-40DD-B007-7FD673E90E89}.Debug|Any CPU.Build.0 = Debug|Any CPU
		{793CAB72-D472-40DD-B007-7FD673E90E89}.Release|Any CPU.ActiveCfg = Release|Any CPU
		{793CAB72-D472-40DD-B007-7FD673E90E89}.Release|Any CPU.Build.0 = Release|Any CPU
	EndGlobalSection
	GlobalSection(SolutionProperties) = preSolution
		HideSolutionNode = FALSE
	EndGlobalSection
	GlobalSection(ExtensibilityGlobals) = postSolution
		SolutionGuid = {803BFEE3-B6BF-41C8-89B3-67E5FE423740}
	EndGlobalSection
EndGlobal
